// !$*UTF8*$!
{
	archiveVersion = 1;
	classes = {
	};
	objectVersion = 56;
	objects = {

/* Begin PBXBuildFile section */
		13B25FD09C35C058856187F3 /* Pods_MyComics.framework in Frameworks */ = {isa = PBXBuildFile; fileRef = 501A8C54103E703CD9FA3CC0 /* Pods_MyComics.framework */; };
		23A8A1392A4C9139007D09FB /* CharactersAPI.swift in Sources */ = {isa = PBXBuildFile; fileRef = 23A8A1222A4C9139007D09FB /* CharactersAPI.swift */; };
		23A8A13A2A4C9139007D09FB /* ComicsAPI.swift in Sources */ = {isa = PBXBuildFile; fileRef = 23A8A1232A4C9139007D09FB /* ComicsAPI.swift */; };
		23A8A13B2A4C9139007D09FB /* CreatorsAPI.swift in Sources */ = {isa = PBXBuildFile; fileRef = 23A8A1242A4C9139007D09FB /* CreatorsAPI.swift */; };
		23A8A13C2A4C9139007D09FB /* NetworkService.swift in Sources */ = {isa = PBXBuildFile; fileRef = 23A8A1262A4C9139007D09FB /* NetworkService.swift */; };
		23A8A13F2A4C9139007D09FB /* DefaultAPIService.swift in Sources */ = {isa = PBXBuildFile; fileRef = 23A8A12A2A4C9139007D09FB /* DefaultAPIService.swift */; };
		23A8A1412A4C9139007D09FB /* SeriesEntity.swift in Sources */ = {isa = PBXBuildFile; fileRef = 23A8A12D2A4C9139007D09FB /* SeriesEntity.swift */; };
		23A8A1422A4C9139007D09FB /* EventEntity.swift in Sources */ = {isa = PBXBuildFile; fileRef = 23A8A12E2A4C9139007D09FB /* EventEntity.swift */; };
		23A8A1432A4C9139007D09FB /* CreatorEntity.swift in Sources */ = {isa = PBXBuildFile; fileRef = 23A8A12F2A4C9139007D09FB /* CreatorEntity.swift */; };
		23A8A1442A4C9139007D09FB /* CharacterEntity.swift in Sources */ = {isa = PBXBuildFile; fileRef = 23A8A1302A4C9139007D09FB /* CharacterEntity.swift */; };
		23A8A1452A4C9139007D09FB /* ComicEntity.swift in Sources */ = {isa = PBXBuildFile; fileRef = 23A8A1312A4C9139007D09FB /* ComicEntity.swift */; };
		23A8A1462A4C9139007D09FB /* StoryEntity.swift in Sources */ = {isa = PBXBuildFile; fileRef = 23A8A1322A4C9139007D09FB /* StoryEntity.swift */; };
		23A8A1472A4C9139007D09FB /* EntityPresentable.swift in Sources */ = {isa = PBXBuildFile; fileRef = 23A8A1342A4C9139007D09FB /* EntityPresentable.swift */; };
		23A8A1482A4C9139007D09FB /* Image.swift in Sources */ = {isa = PBXBuildFile; fileRef = 23A8A1352A4C9139007D09FB /* Image.swift */; };
		23A8A1492A4C9139007D09FB /* List.swift in Sources */ = {isa = PBXBuildFile; fileRef = 23A8A1362A4C9139007D09FB /* List.swift */; };
		23A8A14A2A4C9139007D09FB /* EntityWrapper.swift in Sources */ = {isa = PBXBuildFile; fileRef = 23A8A1372A4C9139007D09FB /* EntityWrapper.swift */; };
		23A8A14B2A4C9139007D09FB /* Url.swift in Sources */ = {isa = PBXBuildFile; fileRef = 23A8A1382A4C9139007D09FB /* Url.swift */; };
		23A8A1502A4C9269007D09FB /* EventsAPI.swift in Sources */ = {isa = PBXBuildFile; fileRef = 23A8A14F2A4C9269007D09FB /* EventsAPI.swift */; };
		23A8A1532A4D5A55007D09FB /* APIRequestConfigurator.swift in Sources */ = {isa = PBXBuildFile; fileRef = 23A8A1522A4D5A55007D09FB /* APIRequestConfigurator.swift */; };
		23A8A15A2A4D5B76007D09FB /* SeriesAPI.swift in Sources */ = {isa = PBXBuildFile; fileRef = 23A8A1592A4D5B76007D09FB /* SeriesAPI.swift */; };
		23A8A15C2A4D5B80007D09FB /* StoriesAPI.swift in Sources */ = {isa = PBXBuildFile; fileRef = 23A8A15B2A4D5B80007D09FB /* StoriesAPI.swift */; };
		23A8A15F2A4D5C52007D09FB /* CharactersProvidable.swift in Sources */ = {isa = PBXBuildFile; fileRef = 23A8A15E2A4D5C52007D09FB /* CharactersProvidable.swift */; };
		23A8A1612A4D5C60007D09FB /* ComicsProvidable.swift in Sources */ = {isa = PBXBuildFile; fileRef = 23A8A1602A4D5C60007D09FB /* ComicsProvidable.swift */; };
		23A8A1632A4D5C6C007D09FB /* EventsProvidable.swift in Sources */ = {isa = PBXBuildFile; fileRef = 23A8A1622A4D5C6C007D09FB /* EventsProvidable.swift */; };
		23A8A1652A4D5C78007D09FB /* CreatorsProvidable.swift in Sources */ = {isa = PBXBuildFile; fileRef = 23A8A1642A4D5C78007D09FB /* CreatorsProvidable.swift */; };
		23A8A1672A4D5C87007D09FB /* SeriesProvidable.swift in Sources */ = {isa = PBXBuildFile; fileRef = 23A8A1662A4D5C87007D09FB /* SeriesProvidable.swift */; };
		23A8A1692A4D5C93007D09FB /* StoriesProvidable.swift in Sources */ = {isa = PBXBuildFile; fileRef = 23A8A1682A4D5C93007D09FB /* StoriesProvidable.swift */; };
		23A8A16B2A4D5CC9007D09FB /* URLComponents + Extensions.swift in Sources */ = {isa = PBXBuildFile; fileRef = 23A8A16A2A4D5CC9007D09FB /* URLComponents + Extensions.swift */; };
		23A8A1712A4D5D60007D09FB /* Path.swift in Sources */ = {isa = PBXBuildFile; fileRef = 23A8A1702A4D5D60007D09FB /* Path.swift */; };
		23A8A1732A4D5D89007D09FB /* NetworkService + Error.swift in Sources */ = {isa = PBXBuildFile; fileRef = 23A8A1722A4D5D89007D09FB /* NetworkService + Error.swift */; };
		23A8A1752A4D5D9E007D09FB /* NetworkService + Configuration.swift in Sources */ = {isa = PBXBuildFile; fileRef = 23A8A1742A4D5D9E007D09FB /* NetworkService + Configuration.swift */; };
		23A8A17B2A4DD8C5007D09FB /* ContentProvidable.swift in Sources */ = {isa = PBXBuildFile; fileRef = 23A8A17A2A4DD8C5007D09FB /* ContentProvidable.swift */; };
		8B72C6872A49C77F00BFC6DA /* AppDelegate.swift in Sources */ = {isa = PBXBuildFile; fileRef = 8B72C6862A49C77F00BFC6DA /* AppDelegate.swift */; };
		8B72C6902A49C78100BFC6DA /* Assets.xcassets in Resources */ = {isa = PBXBuildFile; fileRef = 8B72C68F2A49C78100BFC6DA /* Assets.xcassets */; };
		8B72C6932A49C78100BFC6DA /* LaunchScreen.storyboard in Resources */ = {isa = PBXBuildFile; fileRef = 8B72C6912A49C78100BFC6DA /* LaunchScreen.storyboard */; };
		8B72C6A32A4C7E5A00BFC6DA /* RootCoordinator.swift in Sources */ = {isa = PBXBuildFile; fileRef = 8B72C6A22A4C7E5A00BFC6DA /* RootCoordinator.swift */; };
		8B72C6A52A4C7F7C00BFC6DA /* Localizable.strings in Resources */ = {isa = PBXBuildFile; fileRef = 8B72C6A42A4C7F7C00BFC6DA /* Localizable.strings */; };
		8B72C6AA2A4C805F00BFC6DA /* String+Localizable.swift in Sources */ = {isa = PBXBuildFile; fileRef = 8B72C6A92A4C805F00BFC6DA /* String+Localizable.swift */; };
		8B72C6AD2A4C809F00BFC6DA /* LocalizationKeys.swift in Sources */ = {isa = PBXBuildFile; fileRef = 8B72C6AC2A4C809F00BFC6DA /* LocalizationKeys.swift */; };
		8B72C6B52A4C814900BFC6DA /* CharactersViewController.swift in Sources */ = {isa = PBXBuildFile; fileRef = 8B72C6B42A4C814900BFC6DA /* CharactersViewController.swift */; };
		8B72C6B72A4C816200BFC6DA /* ComicsViewController.swift in Sources */ = {isa = PBXBuildFile; fileRef = 8B72C6B62A4C816200BFC6DA /* ComicsViewController.swift */; };
		8B72C6B92A4C817C00BFC6DA /* ProfileViewController.swift in Sources */ = {isa = PBXBuildFile; fileRef = 8B72C6B82A4C817C00BFC6DA /* ProfileViewController.swift */; };
		8B72C6BB2A4C830600BFC6DA /* ProfilePresenter.swift in Sources */ = {isa = PBXBuildFile; fileRef = 8B72C6BA2A4C830600BFC6DA /* ProfilePresenter.swift */; };
		8B72C6BD2A4C832A00BFC6DA /* ComicsPresenter.swift in Sources */ = {isa = PBXBuildFile; fileRef = 8B72C6BC2A4C832A00BFC6DA /* ComicsPresenter.swift */; };
		8B72C6BF2A4C834300BFC6DA /* CharactersPresenter.swift in Sources */ = {isa = PBXBuildFile; fileRef = 8B72C6BE2A4C834300BFC6DA /* CharactersPresenter.swift */; };
		8B72C6C12A4C843700BFC6DA /* CharactersViewInput.swift in Sources */ = {isa = PBXBuildFile; fileRef = 8B72C6C02A4C843700BFC6DA /* CharactersViewInput.swift */; };
		8B72C6C32A4C844500BFC6DA /* CharactersViewOutput.swift in Sources */ = {isa = PBXBuildFile; fileRef = 8B72C6C22A4C844500BFC6DA /* CharactersViewOutput.swift */; };
		8B72C6C52A4C848A00BFC6DA /* ComicsViewInput.swift in Sources */ = {isa = PBXBuildFile; fileRef = 8B72C6C42A4C848A00BFC6DA /* ComicsViewInput.swift */; };
		8B72C6C72A4C849700BFC6DA /* ComicsViewOutput.swift in Sources */ = {isa = PBXBuildFile; fileRef = 8B72C6C62A4C849700BFC6DA /* ComicsViewOutput.swift */; };
		8B72C6C92A4C84B900BFC6DA /* ProfileViewInput.swift in Sources */ = {isa = PBXBuildFile; fileRef = 8B72C6C82A4C84B900BFC6DA /* ProfileViewInput.swift */; };
		8B72C6CB2A4C84C800BFC6DA /* ProfileViewOutput.swift in Sources */ = {isa = PBXBuildFile; fileRef = 8B72C6CA2A4C84C800BFC6DA /* ProfileViewOutput.swift */; };
		8B72C6CE2A4C861400BFC6DA /* ProfileModuleBuilder.swift in Sources */ = {isa = PBXBuildFile; fileRef = 8B72C6CD2A4C861400BFC6DA /* ProfileModuleBuilder.swift */; };
		8B72C6D12A4C86E800BFC6DA /* ComicsModuleBuilder.swift in Sources */ = {isa = PBXBuildFile; fileRef = 8B72C6D02A4C86E800BFC6DA /* ComicsModuleBuilder.swift */; };
		8B72C6D42A4C871C00BFC6DA /* CharactersModuleBuilder.swift in Sources */ = {isa = PBXBuildFile; fileRef = 8B72C6D32A4C871C00BFC6DA /* CharactersModuleBuilder.swift */; };
		8B72C6D62A4C87D100BFC6DA /* UIViewController+Extension.swift in Sources */ = {isa = PBXBuildFile; fileRef = 8B72C6D52A4C87D100BFC6DA /* UIViewController+Extension.swift */; };
/* End PBXBuildFile section */

/* Begin PBXFileReference section */
		23A8A1222A4C9139007D09FB /* CharactersAPI.swift */ = {isa = PBXFileReference; fileEncoding = 4; lastKnownFileType = sourcecode.swift; path = CharactersAPI.swift; sourceTree = "<group>"; };
		23A8A1232A4C9139007D09FB /* ComicsAPI.swift */ = {isa = PBXFileReference; fileEncoding = 4; lastKnownFileType = sourcecode.swift; path = ComicsAPI.swift; sourceTree = "<group>"; };
		23A8A1242A4C9139007D09FB /* CreatorsAPI.swift */ = {isa = PBXFileReference; fileEncoding = 4; lastKnownFileType = sourcecode.swift; path = CreatorsAPI.swift; sourceTree = "<group>"; };
		23A8A1262A4C9139007D09FB /* NetworkService.swift */ = {isa = PBXFileReference; fileEncoding = 4; lastKnownFileType = sourcecode.swift; path = NetworkService.swift; sourceTree = "<group>"; };
		23A8A12A2A4C9139007D09FB /* DefaultAPIService.swift */ = {isa = PBXFileReference; fileEncoding = 4; lastKnownFileType = sourcecode.swift; path = DefaultAPIService.swift; sourceTree = "<group>"; };
		23A8A12D2A4C9139007D09FB /* SeriesEntity.swift */ = {isa = PBXFileReference; fileEncoding = 4; lastKnownFileType = sourcecode.swift; path = SeriesEntity.swift; sourceTree = "<group>"; };
		23A8A12E2A4C9139007D09FB /* EventEntity.swift */ = {isa = PBXFileReference; fileEncoding = 4; lastKnownFileType = sourcecode.swift; path = EventEntity.swift; sourceTree = "<group>"; };
		23A8A12F2A4C9139007D09FB /* CreatorEntity.swift */ = {isa = PBXFileReference; fileEncoding = 4; lastKnownFileType = sourcecode.swift; path = CreatorEntity.swift; sourceTree = "<group>"; };
		23A8A1302A4C9139007D09FB /* CharacterEntity.swift */ = {isa = PBXFileReference; fileEncoding = 4; lastKnownFileType = sourcecode.swift; path = CharacterEntity.swift; sourceTree = "<group>"; };
		23A8A1312A4C9139007D09FB /* ComicEntity.swift */ = {isa = PBXFileReference; fileEncoding = 4; lastKnownFileType = sourcecode.swift; path = ComicEntity.swift; sourceTree = "<group>"; };
		23A8A1322A4C9139007D09FB /* StoryEntity.swift */ = {isa = PBXFileReference; fileEncoding = 4; lastKnownFileType = sourcecode.swift; path = StoryEntity.swift; sourceTree = "<group>"; };
		23A8A1342A4C9139007D09FB /* EntityPresentable.swift */ = {isa = PBXFileReference; fileEncoding = 4; lastKnownFileType = sourcecode.swift; path = EntityPresentable.swift; sourceTree = "<group>"; };
		23A8A1352A4C9139007D09FB /* Image.swift */ = {isa = PBXFileReference; fileEncoding = 4; lastKnownFileType = sourcecode.swift; path = Image.swift; sourceTree = "<group>"; };
		23A8A1362A4C9139007D09FB /* List.swift */ = {isa = PBXFileReference; fileEncoding = 4; lastKnownFileType = sourcecode.swift; path = List.swift; sourceTree = "<group>"; };
		23A8A1372A4C9139007D09FB /* EntityWrapper.swift */ = {isa = PBXFileReference; fileEncoding = 4; lastKnownFileType = sourcecode.swift; path = EntityWrapper.swift; sourceTree = "<group>"; };
		23A8A1382A4C9139007D09FB /* Url.swift */ = {isa = PBXFileReference; fileEncoding = 4; lastKnownFileType = sourcecode.swift; path = Url.swift; sourceTree = "<group>"; };
		23A8A14F2A4C9269007D09FB /* EventsAPI.swift */ = {isa = PBXFileReference; lastKnownFileType = sourcecode.swift; path = EventsAPI.swift; sourceTree = "<group>"; };
		23A8A1522A4D5A55007D09FB /* APIRequestConfigurator.swift */ = {isa = PBXFileReference; lastKnownFileType = sourcecode.swift; path = APIRequestConfigurator.swift; sourceTree = "<group>"; };
		23A8A1592A4D5B76007D09FB /* SeriesAPI.swift */ = {isa = PBXFileReference; lastKnownFileType = sourcecode.swift; path = SeriesAPI.swift; sourceTree = "<group>"; };
		23A8A15B2A4D5B80007D09FB /* StoriesAPI.swift */ = {isa = PBXFileReference; lastKnownFileType = sourcecode.swift; path = StoriesAPI.swift; sourceTree = "<group>"; };
		23A8A15E2A4D5C52007D09FB /* CharactersProvidable.swift */ = {isa = PBXFileReference; lastKnownFileType = sourcecode.swift; path = CharactersProvidable.swift; sourceTree = "<group>"; };
		23A8A1602A4D5C60007D09FB /* ComicsProvidable.swift */ = {isa = PBXFileReference; lastKnownFileType = sourcecode.swift; path = ComicsProvidable.swift; sourceTree = "<group>"; };
		23A8A1622A4D5C6C007D09FB /* EventsProvidable.swift */ = {isa = PBXFileReference; lastKnownFileType = sourcecode.swift; path = EventsProvidable.swift; sourceTree = "<group>"; };
		23A8A1642A4D5C78007D09FB /* CreatorsProvidable.swift */ = {isa = PBXFileReference; lastKnownFileType = sourcecode.swift; path = CreatorsProvidable.swift; sourceTree = "<group>"; };
		23A8A1662A4D5C87007D09FB /* SeriesProvidable.swift */ = {isa = PBXFileReference; lastKnownFileType = sourcecode.swift; path = SeriesProvidable.swift; sourceTree = "<group>"; };
		23A8A1682A4D5C93007D09FB /* StoriesProvidable.swift */ = {isa = PBXFileReference; lastKnownFileType = sourcecode.swift; path = StoriesProvidable.swift; sourceTree = "<group>"; };
		23A8A16A2A4D5CC9007D09FB /* URLComponents + Extensions.swift */ = {isa = PBXFileReference; lastKnownFileType = sourcecode.swift; path = "URLComponents + Extensions.swift"; sourceTree = "<group>"; };
		23A8A1702A4D5D60007D09FB /* Path.swift */ = {isa = PBXFileReference; lastKnownFileType = sourcecode.swift; path = Path.swift; sourceTree = "<group>"; };
		23A8A1722A4D5D89007D09FB /* NetworkService + Error.swift */ = {isa = PBXFileReference; lastKnownFileType = sourcecode.swift; path = "NetworkService + Error.swift"; sourceTree = "<group>"; };
		23A8A1742A4D5D9E007D09FB /* NetworkService + Configuration.swift */ = {isa = PBXFileReference; lastKnownFileType = sourcecode.swift; path = "NetworkService + Configuration.swift"; sourceTree = "<group>"; };
		23A8A17A2A4DD8C5007D09FB /* ContentProvidable.swift */ = {isa = PBXFileReference; lastKnownFileType = sourcecode.swift; path = ContentProvidable.swift; sourceTree = "<group>"; };
		501A8C54103E703CD9FA3CC0 /* Pods_MyComics.framework */ = {isa = PBXFileReference; explicitFileType = wrapper.framework; includeInIndex = 0; path = Pods_MyComics.framework; sourceTree = BUILT_PRODUCTS_DIR; };
		59040F5E013A45E6238F61F4 /* Pods-MyComics.debug.xcconfig */ = {isa = PBXFileReference; includeInIndex = 1; lastKnownFileType = text.xcconfig; name = "Pods-MyComics.debug.xcconfig"; path = "Target Support Files/Pods-MyComics/Pods-MyComics.debug.xcconfig"; sourceTree = "<group>"; };
		664C0A652F2847630B1B5ED7 /* Pods-MyComics.release.xcconfig */ = {isa = PBXFileReference; includeInIndex = 1; lastKnownFileType = text.xcconfig; name = "Pods-MyComics.release.xcconfig"; path = "Target Support Files/Pods-MyComics/Pods-MyComics.release.xcconfig"; sourceTree = "<group>"; };
		8B72C6832A49C77F00BFC6DA /* MyComics.app */ = {isa = PBXFileReference; explicitFileType = wrapper.application; includeInIndex = 0; path = MyComics.app; sourceTree = BUILT_PRODUCTS_DIR; };
		8B72C6862A49C77F00BFC6DA /* AppDelegate.swift */ = {isa = PBXFileReference; lastKnownFileType = sourcecode.swift; path = AppDelegate.swift; sourceTree = "<group>"; };
		8B72C68F2A49C78100BFC6DA /* Assets.xcassets */ = {isa = PBXFileReference; lastKnownFileType = folder.assetcatalog; path = Assets.xcassets; sourceTree = "<group>"; };
		8B72C6922A49C78100BFC6DA /* Base */ = {isa = PBXFileReference; lastKnownFileType = file.storyboard; name = Base; path = Base.lproj/LaunchScreen.storyboard; sourceTree = "<group>"; };
		8B72C6942A49C78100BFC6DA /* Info.plist */ = {isa = PBXFileReference; lastKnownFileType = text.plist.xml; path = Info.plist; sourceTree = "<group>"; };
		8B72C6A22A4C7E5A00BFC6DA /* RootCoordinator.swift */ = {isa = PBXFileReference; lastKnownFileType = sourcecode.swift; path = RootCoordinator.swift; sourceTree = "<group>"; };
		8B72C6A42A4C7F7C00BFC6DA /* Localizable.strings */ = {isa = PBXFileReference; lastKnownFileType = text.plist.strings; path = Localizable.strings; sourceTree = "<group>"; };
		8B72C6A92A4C805F00BFC6DA /* String+Localizable.swift */ = {isa = PBXFileReference; lastKnownFileType = sourcecode.swift; path = "String+Localizable.swift"; sourceTree = "<group>"; };
		8B72C6AC2A4C809F00BFC6DA /* LocalizationKeys.swift */ = {isa = PBXFileReference; lastKnownFileType = sourcecode.swift; path = LocalizationKeys.swift; sourceTree = "<group>"; };
		8B72C6B42A4C814900BFC6DA /* CharactersViewController.swift */ = {isa = PBXFileReference; lastKnownFileType = sourcecode.swift; path = CharactersViewController.swift; sourceTree = "<group>"; };
		8B72C6B62A4C816200BFC6DA /* ComicsViewController.swift */ = {isa = PBXFileReference; lastKnownFileType = sourcecode.swift; path = ComicsViewController.swift; sourceTree = "<group>"; };
		8B72C6B82A4C817C00BFC6DA /* ProfileViewController.swift */ = {isa = PBXFileReference; lastKnownFileType = sourcecode.swift; path = ProfileViewController.swift; sourceTree = "<group>"; };
		8B72C6BA2A4C830600BFC6DA /* ProfilePresenter.swift */ = {isa = PBXFileReference; lastKnownFileType = sourcecode.swift; path = ProfilePresenter.swift; sourceTree = "<group>"; };
		8B72C6BC2A4C832A00BFC6DA /* ComicsPresenter.swift */ = {isa = PBXFileReference; lastKnownFileType = sourcecode.swift; path = ComicsPresenter.swift; sourceTree = "<group>"; };
		8B72C6BE2A4C834300BFC6DA /* CharactersPresenter.swift */ = {isa = PBXFileReference; lastKnownFileType = sourcecode.swift; path = CharactersPresenter.swift; sourceTree = "<group>"; };
		8B72C6C02A4C843700BFC6DA /* CharactersViewInput.swift */ = {isa = PBXFileReference; lastKnownFileType = sourcecode.swift; path = CharactersViewInput.swift; sourceTree = "<group>"; };
		8B72C6C22A4C844500BFC6DA /* CharactersViewOutput.swift */ = {isa = PBXFileReference; lastKnownFileType = sourcecode.swift; path = CharactersViewOutput.swift; sourceTree = "<group>"; };
		8B72C6C42A4C848A00BFC6DA /* ComicsViewInput.swift */ = {isa = PBXFileReference; lastKnownFileType = sourcecode.swift; path = ComicsViewInput.swift; sourceTree = "<group>"; };
		8B72C6C62A4C849700BFC6DA /* ComicsViewOutput.swift */ = {isa = PBXFileReference; lastKnownFileType = sourcecode.swift; path = ComicsViewOutput.swift; sourceTree = "<group>"; };
		8B72C6C82A4C84B900BFC6DA /* ProfileViewInput.swift */ = {isa = PBXFileReference; lastKnownFileType = sourcecode.swift; path = ProfileViewInput.swift; sourceTree = "<group>"; };
		8B72C6CA2A4C84C800BFC6DA /* ProfileViewOutput.swift */ = {isa = PBXFileReference; lastKnownFileType = sourcecode.swift; path = ProfileViewOutput.swift; sourceTree = "<group>"; };
		8B72C6CD2A4C861400BFC6DA /* ProfileModuleBuilder.swift */ = {isa = PBXFileReference; lastKnownFileType = sourcecode.swift; path = ProfileModuleBuilder.swift; sourceTree = "<group>"; };
		8B72C6D02A4C86E800BFC6DA /* ComicsModuleBuilder.swift */ = {isa = PBXFileReference; lastKnownFileType = sourcecode.swift; path = ComicsModuleBuilder.swift; sourceTree = "<group>"; };
		8B72C6D32A4C871C00BFC6DA /* CharactersModuleBuilder.swift */ = {isa = PBXFileReference; lastKnownFileType = sourcecode.swift; path = CharactersModuleBuilder.swift; sourceTree = "<group>"; };
		8B72C6D52A4C87D100BFC6DA /* UIViewController+Extension.swift */ = {isa = PBXFileReference; lastKnownFileType = sourcecode.swift; path = "UIViewController+Extension.swift"; sourceTree = "<group>"; };
/* End PBXFileReference section */

/* Begin PBXFrameworksBuildPhase section */
		8B72C6802A49C77F00BFC6DA /* Frameworks */ = {
			isa = PBXFrameworksBuildPhase;
			buildActionMask = 2147483647;
			files = (
				13B25FD09C35C058856187F3 /* Pods_MyComics.framework in Frameworks */,
			);
			runOnlyForDeploymentPostprocessing = 0;
		};
/* End PBXFrameworksBuildPhase section */

/* Begin PBXGroup section */
		23A8A11E2A4C90E8007D09FB /* Core */ = {
			isa = PBXGroup;
			children = (
				23A8A1202A4C9139007D09FB /* Network Layer */,
			);
			path = Core;
			sourceTree = "<group>";
		};
		23A8A1202A4C9139007D09FB /* Network Layer */ = {
			isa = PBXGroup;
			children = (
				23A8A17F2A4E8DA3007D09FB /* Builder */,
				23A8A17C2A4DEB8F007D09FB /* Extensions */,
				23A8A16E2A4D5D36007D09FB /* Network Service */,
				23A8A1512A4D5A4B007D09FB /* Configurator */,
				23A8A1212A4C9139007D09FB /* PublicAPIs */,
				23A8A1272A4C9139007D09FB /* ApiServices */,
				23A8A12C2A4C9139007D09FB /* Entities */,
			);
			path = "Network Layer";
			sourceTree = "<group>";
		};
		23A8A1212A4C9139007D09FB /* PublicAPIs */ = {
			isa = PBXGroup;
			children = (
				23A8A15D2A4D5C44007D09FB /* ContentProvidable */,
				23A8A1222A4C9139007D09FB /* CharactersAPI.swift */,
				23A8A1232A4C9139007D09FB /* ComicsAPI.swift */,
				23A8A1242A4C9139007D09FB /* CreatorsAPI.swift */,
				23A8A14F2A4C9269007D09FB /* EventsAPI.swift */,
				23A8A1592A4D5B76007D09FB /* SeriesAPI.swift */,
				23A8A15B2A4D5B80007D09FB /* StoriesAPI.swift */,
			);
			path = PublicAPIs;
			sourceTree = "<group>";
		};
		23A8A1272A4C9139007D09FB /* ApiServices */ = {
			isa = PBXGroup;
			children = (
				23A8A12A2A4C9139007D09FB /* DefaultAPIService.swift */,
			);
			path = ApiServices;
			sourceTree = "<group>";
		};
		23A8A12C2A4C9139007D09FB /* Entities */ = {
			isa = PBXGroup;
			children = (
				23A8A12D2A4C9139007D09FB /* SeriesEntity.swift */,
				23A8A12E2A4C9139007D09FB /* EventEntity.swift */,
				23A8A12F2A4C9139007D09FB /* CreatorEntity.swift */,
				23A8A1302A4C9139007D09FB /* CharacterEntity.swift */,
				23A8A1312A4C9139007D09FB /* ComicEntity.swift */,
				23A8A1322A4C9139007D09FB /* StoryEntity.swift */,
				23A8A1332A4C9139007D09FB /* Base */,
			);
			path = Entities;
			sourceTree = "<group>";
		};
		23A8A1332A4C9139007D09FB /* Base */ = {
			isa = PBXGroup;
			children = (
				23A8A1342A4C9139007D09FB /* EntityPresentable.swift */,
				23A8A1352A4C9139007D09FB /* Image.swift */,
				23A8A1362A4C9139007D09FB /* List.swift */,
				23A8A1372A4C9139007D09FB /* EntityWrapper.swift */,
				23A8A1382A4C9139007D09FB /* Url.swift */,
			);
			path = Base;
			sourceTree = "<group>";
		};
		23A8A1512A4D5A4B007D09FB /* Configurator */ = {
			isa = PBXGroup;
			children = (
				23A8A1522A4D5A55007D09FB /* APIRequestConfigurator.swift */,
			);
			path = Configurator;
			sourceTree = "<group>";
		};
		23A8A15D2A4D5C44007D09FB /* ContentProvidable */ = {
			isa = PBXGroup;
			children = (
				23A8A15E2A4D5C52007D09FB /* CharactersProvidable.swift */,
				23A8A1602A4D5C60007D09FB /* ComicsProvidable.swift */,
				23A8A1622A4D5C6C007D09FB /* EventsProvidable.swift */,
				23A8A1642A4D5C78007D09FB /* CreatorsProvidable.swift */,
				23A8A1662A4D5C87007D09FB /* SeriesProvidable.swift */,
				23A8A1682A4D5C93007D09FB /* StoriesProvidable.swift */,
				23A8A17A2A4DD8C5007D09FB /* ContentProvidable.swift */,
			);
			path = ContentProvidable;
			sourceTree = "<group>";
		};
		23A8A16E2A4D5D36007D09FB /* Network Service */ = {
			isa = PBXGroup;
			children = (
				23A8A16F2A4D5D44007D09FB /* Components */,
				23A8A1262A4C9139007D09FB /* NetworkService.swift */,
				23A8A1722A4D5D89007D09FB /* NetworkService + Error.swift */,
				23A8A1742A4D5D9E007D09FB /* NetworkService + Configuration.swift */,
			);
			path = "Network Service";
			sourceTree = "<group>";
		};
		23A8A16F2A4D5D44007D09FB /* Components */ = {
			isa = PBXGroup;
			children = (
				23A8A1702A4D5D60007D09FB /* Path.swift */,
			);
			path = Components;
			sourceTree = "<group>";
		};
		23A8A17C2A4DEB8F007D09FB /* Extensions */ = {
			isa = PBXGroup;
			children = (
				23A8A16A2A4D5CC9007D09FB /* URLComponents + Extensions.swift */,
			);
			path = Extensions;
			sourceTree = "<group>";
		};
		23A8A17F2A4E8DA3007D09FB /* Builder */ = {
			isa = PBXGroup;
			children = (
			);
			path = Builder;
			sourceTree = "<group>";
		};
		3AC715052CF10FC18193B479 /* Pods */ = {
			isa = PBXGroup;
			children = (
				59040F5E013A45E6238F61F4 /* Pods-MyComics.debug.xcconfig */,
				664C0A652F2847630B1B5ED7 /* Pods-MyComics.release.xcconfig */,
			);
			path = Pods;
			sourceTree = "<group>";
		};
		8B72C67A2A49C77F00BFC6DA = {
			isa = PBXGroup;
			children = (
				8B72C6852A49C77F00BFC6DA /* MyComics */,
				8B72C6842A49C77F00BFC6DA /* Products */,
				3AC715052CF10FC18193B479 /* Pods */,
				ABE7D43969E6DF1A4DCC42A8 /* Frameworks */,
			);
			sourceTree = "<group>";
		};
		8B72C6842A49C77F00BFC6DA /* Products */ = {
			isa = PBXGroup;
			children = (
				8B72C6832A49C77F00BFC6DA /* MyComics.app */,
			);
			name = Products;
			sourceTree = "<group>";
		};
		8B72C6852A49C77F00BFC6DA /* MyComics */ = {
			isa = PBXGroup;
			children = (
				23A8A11E2A4C90E8007D09FB /* Core */,
				8B72C69B2A4C7DCB00BFC6DA /* App */,
				8B72C6A02A4C7E3200BFC6DA /* Coordinators */,
				8B72C69C2A4C7DF100BFC6DA /* Flows */,
				8B72C69A2A4C7D7B00BFC6DA /* Resources */,
				8B72C6A62A4C801600BFC6DA /* Utils */,
			);
			path = MyComics;
			sourceTree = "<group>";
		};
		8B72C69A2A4C7D7B00BFC6DA /* Resources */ = {
			isa = PBXGroup;
			children = (
				8B72C68F2A49C78100BFC6DA /* Assets.xcassets */,
				8B72C6942A49C78100BFC6DA /* Info.plist */,
				8B72C6912A49C78100BFC6DA /* LaunchScreen.storyboard */,
				8B72C6A42A4C7F7C00BFC6DA /* Localizable.strings */,
			);
			path = Resources;
			sourceTree = "<group>";
		};
		8B72C69B2A4C7DCB00BFC6DA /* App */ = {
			isa = PBXGroup;
			children = (
				8B72C6862A49C77F00BFC6DA /* AppDelegate.swift */,
			);
			path = App;
			sourceTree = "<group>";
		};
		8B72C69C2A4C7DF100BFC6DA /* Flows */ = {
			isa = PBXGroup;
			children = (
				8B72C69D2A4C7DF800BFC6DA /* Characters */,
				8B72C69E2A4C7E1A00BFC6DA /* Comics */,
				8B72C69F2A4C7E1F00BFC6DA /* Profile */,
			);
			path = Flows;
			sourceTree = "<group>";
		};
		8B72C69D2A4C7DF800BFC6DA /* Characters */ = {
			isa = PBXGroup;
			children = (
				8B72C6D22A4C870300BFC6DA /* Builder */,
				8B72C6B32A4C812800BFC6DA /* Presenter */,
				8B72C6B22A4C812400BFC6DA /* View */,
			);
			path = Characters;
			sourceTree = "<group>";
		};
		8B72C69E2A4C7E1A00BFC6DA /* Comics */ = {
			isa = PBXGroup;
			children = (
				8B72C6CF2A4C86D300BFC6DA /* Builder */,
				8B72C6B12A4C811E00BFC6DA /* Presenter */,
				8B72C6B02A4C811800BFC6DA /* View */,
			);
			path = Comics;
			sourceTree = "<group>";
		};
		8B72C69F2A4C7E1F00BFC6DA /* Profile */ = {
			isa = PBXGroup;
			children = (
				8B72C6CC2A4C85FD00BFC6DA /* Builder */,
				8B72C6AF2A4C811300BFC6DA /* Presenter */,
				8B72C6AE2A4C810700BFC6DA /* View */,
			);
			path = Profile;
			sourceTree = "<group>";
		};
		8B72C6A02A4C7E3200BFC6DA /* Coordinators */ = {
			isa = PBXGroup;
			children = (
				8B72C6A22A4C7E5A00BFC6DA /* RootCoordinator.swift */,
			);
			path = Coordinators;
			sourceTree = "<group>";
		};
		8B72C6A62A4C801600BFC6DA /* Utils */ = {
			isa = PBXGroup;
			children = (
				8B72C6AB2A4C807B00BFC6DA /* Enums */,
				8B72C6A72A4C801F00BFC6DA /* Extensions */,
			);
			path = Utils;
			sourceTree = "<group>";
		};
		8B72C6A72A4C801F00BFC6DA /* Extensions */ = {
			isa = PBXGroup;
			children = (
				8B72C6A92A4C805F00BFC6DA /* String+Localizable.swift */,
				8B72C6D52A4C87D100BFC6DA /* UIViewController+Extension.swift */,
			);
			path = Extensions;
			sourceTree = "<group>";
		};
		8B72C6AB2A4C807B00BFC6DA /* Enums */ = {
			isa = PBXGroup;
			children = (
				8B72C6AC2A4C809F00BFC6DA /* LocalizationKeys.swift */,
			);
			path = Enums;
			sourceTree = "<group>";
		};
		8B72C6AE2A4C810700BFC6DA /* View */ = {
			isa = PBXGroup;
			children = (
				8B72C6B82A4C817C00BFC6DA /* ProfileViewController.swift */,
				8B72C6C82A4C84B900BFC6DA /* ProfileViewInput.swift */,
				8B72C6CA2A4C84C800BFC6DA /* ProfileViewOutput.swift */,
			);
			path = View;
			sourceTree = "<group>";
		};
		8B72C6AF2A4C811300BFC6DA /* Presenter */ = {
			isa = PBXGroup;
			children = (
				8B72C6BA2A4C830600BFC6DA /* ProfilePresenter.swift */,
			);
			path = Presenter;
			sourceTree = "<group>";
		};
		8B72C6B02A4C811800BFC6DA /* View */ = {
			isa = PBXGroup;
			children = (
				8B72C6B62A4C816200BFC6DA /* ComicsViewController.swift */,
				8B72C6C42A4C848A00BFC6DA /* ComicsViewInput.swift */,
				8B72C6C62A4C849700BFC6DA /* ComicsViewOutput.swift */,
			);
			path = View;
			sourceTree = "<group>";
		};
		8B72C6B12A4C811E00BFC6DA /* Presenter */ = {
			isa = PBXGroup;
			children = (
				8B72C6BC2A4C832A00BFC6DA /* ComicsPresenter.swift */,
			);
			path = Presenter;
			sourceTree = "<group>";
		};
		8B72C6B22A4C812400BFC6DA /* View */ = {
			isa = PBXGroup;
			children = (
				8B72C6B42A4C814900BFC6DA /* CharactersViewController.swift */,
				8B72C6C02A4C843700BFC6DA /* CharactersViewInput.swift */,
				8B72C6C22A4C844500BFC6DA /* CharactersViewOutput.swift */,
			);
			path = View;
			sourceTree = "<group>";
		};
		8B72C6B32A4C812800BFC6DA /* Presenter */ = {
			isa = PBXGroup;
			children = (
				8B72C6BE2A4C834300BFC6DA /* CharactersPresenter.swift */,
			);
			path = Presenter;
			sourceTree = "<group>";
		};
		8B72C6CC2A4C85FD00BFC6DA /* Builder */ = {
			isa = PBXGroup;
			children = (
				8B72C6CD2A4C861400BFC6DA /* ProfileModuleBuilder.swift */,
			);
			path = Builder;
			sourceTree = "<group>";
		};
		8B72C6CF2A4C86D300BFC6DA /* Builder */ = {
			isa = PBXGroup;
			children = (
				8B72C6D02A4C86E800BFC6DA /* ComicsModuleBuilder.swift */,
			);
			path = Builder;
			sourceTree = "<group>";
		};
		8B72C6D22A4C870300BFC6DA /* Builder */ = {
			isa = PBXGroup;
			children = (
				8B72C6D32A4C871C00BFC6DA /* CharactersModuleBuilder.swift */,
			);
			path = Builder;
			sourceTree = "<group>";
		};
		ABE7D43969E6DF1A4DCC42A8 /* Frameworks */ = {
			isa = PBXGroup;
			children = (
				501A8C54103E703CD9FA3CC0 /* Pods_MyComics.framework */,
			);
			name = Frameworks;
			sourceTree = "<group>";
		};
/* End PBXGroup section */

/* Begin PBXNativeTarget section */
		8B72C6822A49C77F00BFC6DA /* MyComics */ = {
			isa = PBXNativeTarget;
			buildConfigurationList = 8B72C6972A49C78100BFC6DA /* Build configuration list for PBXNativeTarget "MyComics" */;
			buildPhases = (
				A43A3F0218BEBDC5D13C0E75 /* [CP] Check Pods Manifest.lock */,
				8B72C67F2A49C77F00BFC6DA /* Sources */,
				8B72C6802A49C77F00BFC6DA /* Frameworks */,
				8B72C6812A49C77F00BFC6DA /* Resources */,
				8B72C6D72A4C8A3400BFC6DA /* ShellScript */,
			);
			buildRules = (
			);
			dependencies = (
			);
			name = MyComics;
			productName = MyComics;
			productReference = 8B72C6832A49C77F00BFC6DA /* MyComics.app */;
			productType = "com.apple.product-type.application";
		};
/* End PBXNativeTarget section */

/* Begin PBXProject section */
		8B72C67B2A49C77F00BFC6DA /* Project object */ = {
			isa = PBXProject;
			attributes = {
				BuildIndependentTargetsInParallel = 1;
				LastSwiftUpdateCheck = 1430;
				LastUpgradeCheck = 1430;
				TargetAttributes = {
					8B72C6822A49C77F00BFC6DA = {
						CreatedOnToolsVersion = 14.3.1;
					};
				};
			};
			buildConfigurationList = 8B72C67E2A49C77F00BFC6DA /* Build configuration list for PBXProject "MyComics" */;
			compatibilityVersion = "Xcode 14.0";
			developmentRegion = en;
			hasScannedForEncodings = 0;
			knownRegions = (
				en,
				Base,
			);
			mainGroup = 8B72C67A2A49C77F00BFC6DA;
			productRefGroup = 8B72C6842A49C77F00BFC6DA /* Products */;
			projectDirPath = "";
			projectRoot = "";
			targets = (
				8B72C6822A49C77F00BFC6DA /* MyComics */,
			);
		};
/* End PBXProject section */

/* Begin PBXResourcesBuildPhase section */
		8B72C6812A49C77F00BFC6DA /* Resources */ = {
			isa = PBXResourcesBuildPhase;
			buildActionMask = 2147483647;
			files = (
				8B72C6932A49C78100BFC6DA /* LaunchScreen.storyboard in Resources */,
				8B72C6A52A4C7F7C00BFC6DA /* Localizable.strings in Resources */,
				8B72C6902A49C78100BFC6DA /* Assets.xcassets in Resources */,
			);
			runOnlyForDeploymentPostprocessing = 0;
		};
/* End PBXResourcesBuildPhase section */

/* Begin PBXShellScriptBuildPhase section */
		8B72C6D72A4C8A3400BFC6DA /* ShellScript */ = {
			isa = PBXShellScriptBuildPhase;
			alwaysOutOfDate = 1;
			buildActionMask = 2147483647;
			files = (
			);
			inputFileListPaths = (
			);
			inputPaths = (
			);
			outputFileListPaths = (
			);
			outputPaths = (
			);
			runOnlyForDeploymentPostprocessing = 0;
			shellPath = /bin/sh;
			shellScript = "\"${PODS_ROOT}/SwiftLint/swiftlint\"\n";
		};
		A43A3F0218BEBDC5D13C0E75 /* [CP] Check Pods Manifest.lock */ = {
			isa = PBXShellScriptBuildPhase;
			buildActionMask = 2147483647;
			files = (
			);
			inputFileListPaths = (
			);
			inputPaths = (
				"${PODS_PODFILE_DIR_PATH}/Podfile.lock",
				"${PODS_ROOT}/Manifest.lock",
			);
			name = "[CP] Check Pods Manifest.lock";
			outputFileListPaths = (
			);
			outputPaths = (
				"$(DERIVED_FILE_DIR)/Pods-MyComics-checkManifestLockResult.txt",
			);
			runOnlyForDeploymentPostprocessing = 0;
			shellPath = /bin/sh;
			shellScript = "diff \"${PODS_PODFILE_DIR_PATH}/Podfile.lock\" \"${PODS_ROOT}/Manifest.lock\" > /dev/null\nif [ $? != 0 ] ; then\n    # print error to STDERR\n    echo \"error: The sandbox is not in sync with the Podfile.lock. Run 'pod install' or update your CocoaPods installation.\" >&2\n    exit 1\nfi\n# This output is used by Xcode 'outputs' to avoid re-running this script phase.\necho \"SUCCESS\" > \"${SCRIPT_OUTPUT_FILE_0}\"\n";
			showEnvVarsInLog = 0;
		};
/* End PBXShellScriptBuildPhase section */

/* Begin PBXSourcesBuildPhase section */
		8B72C67F2A49C77F00BFC6DA /* Sources */ = {
			isa = PBXSourcesBuildPhase;
			buildActionMask = 2147483647;
			files = (
				8B72C6A32A4C7E5A00BFC6DA /* RootCoordinator.swift in Sources */,
				23A8A1482A4C9139007D09FB /* Image.swift in Sources */,
				23A8A1432A4C9139007D09FB /* CreatorEntity.swift in Sources */,
				23A8A16B2A4D5CC9007D09FB /* URLComponents + Extensions.swift in Sources */,
				23A8A1422A4C9139007D09FB /* EventEntity.swift in Sources */,
				8B72C6C32A4C844500BFC6DA /* CharactersViewOutput.swift in Sources */,
				8B72C6B52A4C814900BFC6DA /* CharactersViewController.swift in Sources */,
				8B72C6C72A4C849700BFC6DA /* ComicsViewOutput.swift in Sources */,
				8B72C6C92A4C84B900BFC6DA /* ProfileViewInput.swift in Sources */,
				23A8A14A2A4C9139007D09FB /* EntityWrapper.swift in Sources */,
				23A8A15F2A4D5C52007D09FB /* CharactersProvidable.swift in Sources */,
				23A8A1752A4D5D9E007D09FB /* NetworkService + Configuration.swift in Sources */,
				23A8A1672A4D5C87007D09FB /* SeriesProvidable.swift in Sources */,
				8B72C6BB2A4C830600BFC6DA /* ProfilePresenter.swift in Sources */,
				8B72C6B72A4C816200BFC6DA /* ComicsViewController.swift in Sources */,
				8B72C6AD2A4C809F00BFC6DA /* LocalizationKeys.swift in Sources */,
				23A8A13F2A4C9139007D09FB /* DefaultAPIService.swift in Sources */,
				8B72C6D62A4C87D100BFC6DA /* UIViewController+Extension.swift in Sources */,
				23A8A14B2A4C9139007D09FB /* Url.swift in Sources */,
				23A8A1712A4D5D60007D09FB /* Path.swift in Sources */,
				23A8A1472A4C9139007D09FB /* EntityPresentable.swift in Sources */,
				23A8A1502A4C9269007D09FB /* EventsAPI.swift in Sources */,
				8B72C6872A49C77F00BFC6DA /* AppDelegate.swift in Sources */,
				23A8A1612A4D5C60007D09FB /* ComicsProvidable.swift in Sources */,
				23A8A13C2A4C9139007D09FB /* NetworkService.swift in Sources */,
				8B72C6C52A4C848A00BFC6DA /* ComicsViewInput.swift in Sources */,
				23A8A1392A4C9139007D09FB /* CharactersAPI.swift in Sources */,
				8B72C6BF2A4C834300BFC6DA /* CharactersPresenter.swift in Sources */,
				23A8A1532A4D5A55007D09FB /* APIRequestConfigurator.swift in Sources */,
				8B72C6C12A4C843700BFC6DA /* CharactersViewInput.swift in Sources */,
				8B72C6D42A4C871C00BFC6DA /* CharactersModuleBuilder.swift in Sources */,
				23A8A1632A4D5C6C007D09FB /* EventsProvidable.swift in Sources */,
				23A8A1652A4D5C78007D09FB /* CreatorsProvidable.swift in Sources */,
				23A8A17B2A4DD8C5007D09FB /* ContentProvidable.swift in Sources */,
				8B72C6B92A4C817C00BFC6DA /* ProfileViewController.swift in Sources */,
				23A8A13A2A4C9139007D09FB /* ComicsAPI.swift in Sources */,
				8B72C6BD2A4C832A00BFC6DA /* ComicsPresenter.swift in Sources */,
				23A8A1462A4C9139007D09FB /* StoryEntity.swift in Sources */,
				8B72C6AA2A4C805F00BFC6DA /* String+Localizable.swift in Sources */,
				23A8A13B2A4C9139007D09FB /* CreatorsAPI.swift in Sources */,
				23A8A15C2A4D5B80007D09FB /* StoriesAPI.swift in Sources */,
				23A8A1442A4C9139007D09FB /* CharacterEntity.swift in Sources */,
				23A8A1412A4C9139007D09FB /* SeriesEntity.swift in Sources */,
				23A8A1732A4D5D89007D09FB /* NetworkService + Error.swift in Sources */,
				8B72C6D12A4C86E800BFC6DA /* ComicsModuleBuilder.swift in Sources */,
				23A8A15A2A4D5B76007D09FB /* SeriesAPI.swift in Sources */,
				8B72C6CE2A4C861400BFC6DA /* ProfileModuleBuilder.swift in Sources */,
				23A8A1452A4C9139007D09FB /* ComicEntity.swift in Sources */,
				8B72C6CB2A4C84C800BFC6DA /* ProfileViewOutput.swift in Sources */,
				23A8A1492A4C9139007D09FB /* List.swift in Sources */,
				23A8A1692A4D5C93007D09FB /* StoriesProvidable.swift in Sources */,
			);
			runOnlyForDeploymentPostprocessing = 0;
		};
/* End PBXSourcesBuildPhase section */

/* Begin PBXVariantGroup section */
		8B72C6912A49C78100BFC6DA /* LaunchScreen.storyboard */ = {
			isa = PBXVariantGroup;
			children = (
				8B72C6922A49C78100BFC6DA /* Base */,
			);
			name = LaunchScreen.storyboard;
			sourceTree = "<group>";
		};
/* End PBXVariantGroup section */

/* Begin XCBuildConfiguration section */
		8B72C6952A49C78100BFC6DA /* Debug */ = {
			isa = XCBuildConfiguration;
			buildSettings = {
				ALWAYS_SEARCH_USER_PATHS = NO;
				CLANG_ANALYZER_NONNULL = YES;
				CLANG_ANALYZER_NUMBER_OBJECT_CONVERSION = YES_AGGRESSIVE;
				CLANG_CXX_LANGUAGE_STANDARD = "gnu++20";
				CLANG_ENABLE_MODULES = YES;
				CLANG_ENABLE_OBJC_ARC = YES;
				CLANG_ENABLE_OBJC_WEAK = YES;
				CLANG_WARN_BLOCK_CAPTURE_AUTORELEASING = YES;
				CLANG_WARN_BOOL_CONVERSION = YES;
				CLANG_WARN_COMMA = YES;
				CLANG_WARN_CONSTANT_CONVERSION = YES;
				CLANG_WARN_DEPRECATED_OBJC_IMPLEMENTATIONS = YES;
				CLANG_WARN_DIRECT_OBJC_ISA_USAGE = YES_ERROR;
				CLANG_WARN_DOCUMENTATION_COMMENTS = YES;
				CLANG_WARN_EMPTY_BODY = YES;
				CLANG_WARN_ENUM_CONVERSION = YES;
				CLANG_WARN_INFINITE_RECURSION = YES;
				CLANG_WARN_INT_CONVERSION = YES;
				CLANG_WARN_NON_LITERAL_NULL_CONVERSION = YES;
				CLANG_WARN_OBJC_IMPLICIT_RETAIN_SELF = YES;
				CLANG_WARN_OBJC_LITERAL_CONVERSION = YES;
				CLANG_WARN_OBJC_ROOT_CLASS = YES_ERROR;
				CLANG_WARN_QUOTED_INCLUDE_IN_FRAMEWORK_HEADER = YES;
				CLANG_WARN_RANGE_LOOP_ANALYSIS = YES;
				CLANG_WARN_STRICT_PROTOTYPES = YES;
				CLANG_WARN_SUSPICIOUS_MOVE = YES;
				CLANG_WARN_UNGUARDED_AVAILABILITY = YES_AGGRESSIVE;
				CLANG_WARN_UNREACHABLE_CODE = YES;
				CLANG_WARN__DUPLICATE_METHOD_MATCH = YES;
				COPY_PHASE_STRIP = NO;
				DEBUG_INFORMATION_FORMAT = dwarf;
				ENABLE_STRICT_OBJC_MSGSEND = YES;
				ENABLE_TESTABILITY = YES;
				GCC_C_LANGUAGE_STANDARD = gnu11;
				GCC_DYNAMIC_NO_PIC = NO;
				GCC_NO_COMMON_BLOCKS = YES;
				GCC_OPTIMIZATION_LEVEL = 0;
				GCC_PREPROCESSOR_DEFINITIONS = (
					"DEBUG=1",
					"$(inherited)",
				);
				GCC_WARN_64_TO_32_BIT_CONVERSION = YES;
				GCC_WARN_ABOUT_RETURN_TYPE = YES_ERROR;
				GCC_WARN_UNDECLARED_SELECTOR = YES;
				GCC_WARN_UNINITIALIZED_AUTOS = YES_AGGRESSIVE;
				GCC_WARN_UNUSED_FUNCTION = YES;
				GCC_WARN_UNUSED_VARIABLE = YES;
				IPHONEOS_DEPLOYMENT_TARGET = 15.0;
				MTL_ENABLE_DEBUG_INFO = INCLUDE_SOURCE;
				MTL_FAST_MATH = YES;
				ONLY_ACTIVE_ARCH = YES;
				SDKROOT = iphoneos;
				SWIFT_ACTIVE_COMPILATION_CONDITIONS = DEBUG;
				SWIFT_OPTIMIZATION_LEVEL = "-Onone";
			};
			name = Debug;
		};
		8B72C6962A49C78100BFC6DA /* Release */ = {
			isa = XCBuildConfiguration;
			buildSettings = {
				ALWAYS_SEARCH_USER_PATHS = NO;
				CLANG_ANALYZER_NONNULL = YES;
				CLANG_ANALYZER_NUMBER_OBJECT_CONVERSION = YES_AGGRESSIVE;
				CLANG_CXX_LANGUAGE_STANDARD = "gnu++20";
				CLANG_ENABLE_MODULES = YES;
				CLANG_ENABLE_OBJC_ARC = YES;
				CLANG_ENABLE_OBJC_WEAK = YES;
				CLANG_WARN_BLOCK_CAPTURE_AUTORELEASING = YES;
				CLANG_WARN_BOOL_CONVERSION = YES;
				CLANG_WARN_COMMA = YES;
				CLANG_WARN_CONSTANT_CONVERSION = YES;
				CLANG_WARN_DEPRECATED_OBJC_IMPLEMENTATIONS = YES;
				CLANG_WARN_DIRECT_OBJC_ISA_USAGE = YES_ERROR;
				CLANG_WARN_DOCUMENTATION_COMMENTS = YES;
				CLANG_WARN_EMPTY_BODY = YES;
				CLANG_WARN_ENUM_CONVERSION = YES;
				CLANG_WARN_INFINITE_RECURSION = YES;
				CLANG_WARN_INT_CONVERSION = YES;
				CLANG_WARN_NON_LITERAL_NULL_CONVERSION = YES;
				CLANG_WARN_OBJC_IMPLICIT_RETAIN_SELF = YES;
				CLANG_WARN_OBJC_LITERAL_CONVERSION = YES;
				CLANG_WARN_OBJC_ROOT_CLASS = YES_ERROR;
				CLANG_WARN_QUOTED_INCLUDE_IN_FRAMEWORK_HEADER = YES;
				CLANG_WARN_RANGE_LOOP_ANALYSIS = YES;
				CLANG_WARN_STRICT_PROTOTYPES = YES;
				CLANG_WARN_SUSPICIOUS_MOVE = YES;
				CLANG_WARN_UNGUARDED_AVAILABILITY = YES_AGGRESSIVE;
				CLANG_WARN_UNREACHABLE_CODE = YES;
				CLANG_WARN__DUPLICATE_METHOD_MATCH = YES;
				COPY_PHASE_STRIP = NO;
				DEBUG_INFORMATION_FORMAT = "dwarf-with-dsym";
				ENABLE_NS_ASSERTIONS = NO;
				ENABLE_STRICT_OBJC_MSGSEND = YES;
				GCC_C_LANGUAGE_STANDARD = gnu11;
				GCC_NO_COMMON_BLOCKS = YES;
				GCC_WARN_64_TO_32_BIT_CONVERSION = YES;
				GCC_WARN_ABOUT_RETURN_TYPE = YES_ERROR;
				GCC_WARN_UNDECLARED_SELECTOR = YES;
				GCC_WARN_UNINITIALIZED_AUTOS = YES_AGGRESSIVE;
				GCC_WARN_UNUSED_FUNCTION = YES;
				GCC_WARN_UNUSED_VARIABLE = YES;
				IPHONEOS_DEPLOYMENT_TARGET = 15.0;
				MTL_ENABLE_DEBUG_INFO = NO;
				MTL_FAST_MATH = YES;
				SDKROOT = iphoneos;
				SWIFT_COMPILATION_MODE = wholemodule;
				SWIFT_OPTIMIZATION_LEVEL = "-O";
				VALIDATE_PRODUCT = YES;
			};
			name = Release;
		};
		8B72C6982A49C78100BFC6DA /* Debug */ = {
			isa = XCBuildConfiguration;
			baseConfigurationReference = 59040F5E013A45E6238F61F4 /* Pods-MyComics.debug.xcconfig */;
			buildSettings = {
				ASSETCATALOG_COMPILER_APPICON_NAME = AppIcon;
				ASSETCATALOG_COMPILER_GLOBAL_ACCENT_COLOR_NAME = AccentColor;
				CODE_SIGN_STYLE = Automatic;
				CURRENT_PROJECT_VERSION = 1;
				GENERATE_INFOPLIST_FILE = YES;
				INFOPLIST_FILE = MyComics/Resources/Info.plist;
				INFOPLIST_KEY_UIApplicationSupportsIndirectInputEvents = YES;
				INFOPLIST_KEY_UILaunchStoryboardName = LaunchScreen;
				INFOPLIST_KEY_UISupportedInterfaceOrientations = UIInterfaceOrientationPortrait;
				LD_RUNPATH_SEARCH_PATHS = (
					"$(inherited)",
					"@executable_path/Frameworks",
				);
				MARKETING_VERSION = 1.0;
				PRODUCT_BUNDLE_IDENTIFIER = teamswift.MyComics;
				PRODUCT_NAME = "$(TARGET_NAME)";
				SUPPORTED_PLATFORMS = "iphoneos iphonesimulator";
				SUPPORTS_MACCATALYST = NO;
				SUPPORTS_MAC_DESIGNED_FOR_IPHONE_IPAD = NO;
				SWIFT_EMIT_LOC_STRINGS = YES;
				SWIFT_VERSION = 5.0;
				TARGETED_DEVICE_FAMILY = 1;
			};
			name = Debug;
		};
		8B72C6992A49C78100BFC6DA /* Release */ = {
			isa = XCBuildConfiguration;
			baseConfigurationReference = 664C0A652F2847630B1B5ED7 /* Pods-MyComics.release.xcconfig */;
			buildSettings = {
				ASSETCATALOG_COMPILER_APPICON_NAME = AppIcon;
				ASSETCATALOG_COMPILER_GLOBAL_ACCENT_COLOR_NAME = AccentColor;
				CODE_SIGN_STYLE = Automatic;
				CURRENT_PROJECT_VERSION = 1;
				GENERATE_INFOPLIST_FILE = YES;
				INFOPLIST_FILE = MyComics/Resources/Info.plist;
				INFOPLIST_KEY_UIApplicationSupportsIndirectInputEvents = YES;
				INFOPLIST_KEY_UILaunchStoryboardName = LaunchScreen;
				INFOPLIST_KEY_UISupportedInterfaceOrientations = UIInterfaceOrientationPortrait;
				LD_RUNPATH_SEARCH_PATHS = (
					"$(inherited)",
					"@executable_path/Frameworks",
				);
				MARKETING_VERSION = 1.0;
				PRODUCT_BUNDLE_IDENTIFIER = teamswift.MyComics;
				PRODUCT_NAME = "$(TARGET_NAME)";
				SUPPORTED_PLATFORMS = "iphoneos iphonesimulator";
				SUPPORTS_MACCATALYST = NO;
				SUPPORTS_MAC_DESIGNED_FOR_IPHONE_IPAD = NO;
				SWIFT_EMIT_LOC_STRINGS = YES;
				SWIFT_VERSION = 5.0;
				TARGETED_DEVICE_FAMILY = 1;
			};
			name = Release;
		};
/* End XCBuildConfiguration section */

/* Begin XCConfigurationList section */
		8B72C67E2A49C77F00BFC6DA /* Build configuration list for PBXProject "MyComics" */ = {
			isa = XCConfigurationList;
			buildConfigurations = (
				8B72C6952A49C78100BFC6DA /* Debug */,
				8B72C6962A49C78100BFC6DA /* Release */,
			);
			defaultConfigurationIsVisible = 0;
			defaultConfigurationName = Release;
		};
		8B72C6972A49C78100BFC6DA /* Build configuration list for PBXNativeTarget "MyComics" */ = {
			isa = XCConfigurationList;
			buildConfigurations = (
				8B72C6982A49C78100BFC6DA /* Debug */,
				8B72C6992A49C78100BFC6DA /* Release */,
			);
			defaultConfigurationIsVisible = 0;
			defaultConfigurationName = Release;
		};
/* End XCConfigurationList section */
	};
	rootObject = 8B72C67B2A49C77F00BFC6DA /* Project object */;
}
